
Microsoft Visual Studio Solution File, Format Version 12.00
# Visual Studio Version 16
VisualStudioVersion = 16.0.29326.143
MinimumVisualStudioVersion = 10.0.40219.1
Project("{9A19103F-16F7-4668-BE54-9A1E7A4F7556}") = "SpellNumberExercise", "SpellNumberExercise\SpellNumberExercise.csproj", "{950FFF75-BD15-4CDB-9C85-9C5D2D16C027}"
EndProject
Project("{FAE04EC0-301F-11D3-BF4B-00C04F79EFBC}") = "SpellNumberTests", "SpellNumberTests\SpellNumberTests.csproj", "{2C7D712E-E190-46E2-AA33-2AEF427EB18F}"
EndProject
Global
	GlobalSection(SolutionConfigurationPlatforms) = preSolution
		Debug|Any CPU = Debug|Any CPU
		Release|Any CPU = Release|Any CPU
	EndGlobalSection
	GlobalSection(ProjectConfigurationPlatforms) = postSolution
		{950FFF75-BD15-4CDB-9C85-9C5D2D16C027}.Debug|Any CPU.ActiveCfg = Debug|Any CPU
		{950FFF75-BD15-4CDB-9C85-9C5D2D16C027}.Debug|Any CPU.Build.0 = Debug|Any CPU
		{950FFF75-BD15-4CDB-9C85-9C5D2D16C027}.Release|Any CPU.ActiveCfg = Release|Any CPU
		{950FFF75-BD15-4CDB-9C85-9C5D2D16C027}.Release|Any CPU.Build.0 = Release|Any CPU
		{2C7D712E-E190-46E2-AA33-2AEF427EB18F}.Debug|Any CPU.ActiveCfg = Debug|Any CPU
		{2C7D712E-E190-46E2-AA33-2AEF427EB18F}.Debug|Any CPU.Build.0 = Debug|Any CPU
		{2C7D712E-E190-46E2-AA33-2AEF427EB18F}.Release|Any CPU.ActiveCfg = Release|Any CPU
		{2C7D712E-E190-46E2-AA33-2AEF427EB18F}.Release|Any CPU.Build.0 = Release|Any CPU
	EndGlobalSection
	GlobalSection(SolutionProperties) = preSolution
		HideSolutionNode = FALSE
	EndGlobalSection
	GlobalSection(ExtensibilityGlobals) = postSolution
		SolutionGuid = {B425D62C-2583-4E15-9643-017EEF616D3C}
	EndGlobalSection
EndGlobal
